{
  "version": 4,
  "terraform_version": "1.11.4",
  "serial": 38,
  "lineage": "1720a83f-5b2c-3440-bca2-e34d4a48a4e5",
  "outputs": {},
  "resources": [
    {
      "module": "module.app_service",
      "mode": "managed",
      "type": "azurerm_linux_web_app",
      "name": "this",
      "provider": "provider[\"registry.terraform.io/hashicorp/azurerm\"]",
      "instances": [
        {
          "schema_version": 1,
          "attributes": {
            "app_settings": {
              "WEBSITES_ENABLE_APP_SERVICE_STORAGE": "false"
            },
            "auth_settings": [],
            "auth_settings_v2": [],
            "backup": [],
            "client_affinity_enabled": false,
            "client_certificate_enabled": false,
            "client_certificate_exclusion_paths": "",
            "client_certificate_mode": "Required",
            "connection_string": [],
            "custom_domain_verification_id": "77A41CB7AC609ED8FF65BB4350261612ACB3F033F817E5757FC2D72FE5C07B1D",
            "default_hostname": "jm-assessment-as.azurewebsites.net",
            "enabled": true,
            "ftp_publish_basic_authentication_enabled": true,
            "hosting_environment_id": "",
            "https_only": false,
            "id": "/subscriptions/c5ee4220-1a51-403a-a79a-c6c6101b8293/resourceGroups/jm-assessment-rg/providers/Microsoft.Web/sites/jm-assessment-as",
            "identity": [
              {
                "identity_ids": null,
                "principal_id": "f324ddf0-1934-4d94-90c0-11a23085d68d",
                "tenant_id": "6ab7c00e-57b4-4f63-b45c-97b95a179785",
                "type": "SystemAssigned"
              }
            ],
            "key_vault_reference_identity_id": "SystemAssigned",
            "kind": "app,linux",
            "location": "eastus2",
            "logs": [],
            "name": "jm-assessment-as",
            "outbound_ip_address_list": [
              "20.80.215.86",
              "20.80.215.137",
              "20.80.215.174",
              "20.80.215.189",
              "20.80.215.235",
              "20.85.96.34",
              "20.80.209.20",
              "20.80.209.139",
              "20.80.210.253",
              "20.80.211.142",
              "20.80.211.150",
              "20.80.212.54",
              "20.119.136.17"
            ],
            "outbound_ip_addresses": "20.80.215.86,20.80.215.137,20.80.215.174,20.80.215.189,20.80.215.235,20.85.96.34,20.80.209.20,20.80.209.139,20.80.210.253,20.80.211.142,20.80.211.150,20.80.212.54,20.119.136.17",
            "possible_outbound_ip_address_list": [
              "20.80.215.86",
              "20.80.215.137",
              "20.80.215.174",
              "20.80.215.189",
              "20.80.215.235",
              "20.85.96.34",
              "20.80.209.20",
              "20.80.209.139",
              "20.80.210.253",
              "20.80.211.142",
              "20.80.211.150",
              "20.80.212.54",
              "20.80.213.56",
              "20.80.213.158",
              "20.80.213.167",
              "20.80.213.238",
              "20.80.214.100",
              "20.80.214.152",
              "20.80.214.163",
              "20.80.214.183",
              "20.80.208.58",
              "20.80.215.30",
              "20.80.215.41",
              "20.80.215.73",
              "20.85.97.8",
              "20.85.97.15",
              "20.85.97.31",
              "20.85.98.40",
              "20.85.98.55",
              "20.85.98.61",
              "20.119.136.17"
            ],
            "possible_outbound_ip_addresses": "20.80.215.86,20.80.215.137,20.80.215.174,20.80.215.189,20.80.215.235,20.85.96.34,20.80.209.20,20.80.209.139,20.80.210.253,20.80.211.142,20.80.211.150,20.80.212.54,20.80.213.56,20.80.213.158,20.80.213.167,20.80.213.238,20.80.214.100,20.80.214.152,20.80.214.163,20.80.214.183,20.80.208.58,20.80.215.30,20.80.215.41,20.80.215.73,20.85.97.8,20.85.97.15,20.85.97.31,20.85.98.40,20.85.98.55,20.85.98.61,20.119.136.17",
            "public_network_access_enabled": true,
            "resource_group_name": "jm-assessment-rg",
            "service_plan_id": "/subscriptions/c5ee4220-1a51-403a-a79a-c6c6101b8293/resourceGroups/jm-assessment-rg/providers/Microsoft.Web/serverFarms/jm-assessment-sp",
            "site_config": [
              {
                "always_on": false,
                "api_definition_url": "",
                "api_management_api_id": "",
                "app_command_line": "",
                "application_stack": [
                  {
                    "docker_image_name": "",
                    "docker_registry_password": "",
                    "docker_registry_url": "",
                    "docker_registry_username": "",
                    "dotnet_version": "",
                    "go_version": "",
                    "java_server": "",
                    "java_server_version": "",
                    "java_version": "",
                    "node_version": "",
                    "php_version": "",
                    "python_version": "",
                    "ruby_version": ""
                  }
                ],
                "auto_heal_setting": [],
                "container_registry_managed_identity_client_id": "",
                "container_registry_use_managed_identity": false,
                "cors": [],
                "default_documents": [
                  "Default.htm",
                  "Default.html",
                  "Default.asp",
                  "index.htm",
                  "index.html",
                  "iisstart.htm",
                  "default.aspx",
                  "index.php",
                  "hostingstart.html"
                ],
                "detailed_error_logging_enabled": false,
                "ftps_state": "Disabled",
                "health_check_eviction_time_in_min": 0,
                "health_check_path": "",
                "http2_enabled": false,
                "ip_restriction": [],
                "ip_restriction_default_action": "Allow",
                "linux_fx_version": "",
                "load_balancing_mode": "LeastRequests",
                "local_mysql_enabled": false,
                "managed_pipeline_mode": "Integrated",
                "minimum_tls_version": "1.2",
                "remote_debugging_enabled": false,
                "remote_debugging_version": "VS2022",
                "scm_ip_restriction": [],
                "scm_ip_restriction_default_action": "Allow",
                "scm_minimum_tls_version": "1.2",
                "scm_type": "None",
                "scm_use_main_ip_restriction": false,
                "use_32_bit_worker": true,
                "vnet_route_all_enabled": false,
                "websockets_enabled": false,
                "worker_count": 1
              }
            ],
            "site_credential": [
              {
                "name": "$jm-assessment-as",
                "password": "ed9u4o51bqhWJ0hniCrdAxFCjhNvl1pagfuXLEK2Kzpul0lW2kL1DRpqPcFy"
              }
            ],
            "sticky_settings": [],
            "storage_account": [],
            "tags": null,
            "timeouts": null,
            "virtual_network_backup_restore_enabled": false,
            "virtual_network_subnet_id": "",
            "webdeploy_publish_basic_authentication_enabled": true,
            "zip_deploy_file": ""
          },
          "sensitive_attributes": [
            [
              {
                "type": "get_attr",
                "value": "site_config"
              },
              {
                "type": "index",
                "value": {
                  "value": 0,
                  "type": "number"
                }
              },
              {
                "type": "get_attr",
                "value": "application_stack"
              },
              {
                "type": "index",
                "value": {
                  "value": 0,
                  "type": "number"
                }
              },
              {
                "type": "get_attr",
                "value": "docker_registry_password"
              }
            ],
            [
              {
                "type": "get_attr",
                "value": "site_credential"
              }
            ],
            [
              {
                "type": "get_attr",
                "value": "custom_domain_verification_id"
              }
            ]
          ],
          "private": "eyJlMmJmYjczMC1lY2FhLTExZTYtOGY4OC0zNDM2M2JjN2M0YzAiOnsiY3JlYXRlIjoxODAwMDAwMDAwMDAwLCJkZWxldGUiOjE4MDAwMDAwMDAwMDAsInJlYWQiOjMwMDAwMDAwMDAwMCwidXBkYXRlIjoxODAwMDAwMDAwMDAwfSwic2NoZW1hX3ZlcnNpb24iOiIxIn0=",
          "dependencies": [
            "module.resource_group.azurerm_resource_group.this",
            "module.service_plan.azurerm_service_plan.this"
          ]
        }
      ]
    },
    {
      "module": "module.app_service",
      "mode": "managed",
      "type": "null_resource",
      "name": "delay_before_app_service",
      "provider": "provider[\"registry.terraform.io/hashicorp/null\"]",
      "instances": [
        {
          "schema_version": 0,
          "attributes": {
            "id": "3628282844381244922",
            "triggers": null
          },
          "sensitive_attributes": [],
          "dependencies": [
            "module.resource_group.azurerm_resource_group.this",
            "module.service_plan.azurerm_service_plan.this"
          ]
        }
      ]
    },
    {
      "module": "module.application_insights",
      "mode": "managed",
      "type": "azurerm_application_insights",
      "name": "this",
      "provider": "provider[\"registry.terraform.io/hashicorp/azurerm\"]",
      "instances": [
        {
          "schema_version": 2,
          "attributes": {
            "app_id": "b11c6111-b7fc-4036-bdd0-87cccc8e3145",
            "application_type": "web",
            "connection_string": "InstrumentationKey=0c6f0672-b1d2-4744-9b82-9adff91f714b;IngestionEndpoint=https://eastus2-3.in.applicationinsights.azure.com/;LiveEndpoint=https://eastus2.livediagnostics.monitor.azure.com/;ApplicationId=b11c6111-b7fc-4036-bdd0-87cccc8e3145",
            "daily_data_cap_in_gb": 100,
            "daily_data_cap_notifications_disabled": false,
            "disable_ip_masking": false,
            "force_customer_storage_for_profiler": false,
            "id": "/subscriptions/c5ee4220-1a51-403a-a79a-c6c6101b8293/resourceGroups/jm-assessment-rg/providers/Microsoft.Insights/components/jm-assessment-insights",
            "instrumentation_key": "0c6f0672-b1d2-4744-9b82-9adff91f714b",
            "internet_ingestion_enabled": true,
            "internet_query_enabled": true,
            "local_authentication_disabled": false,
            "location": "eastus2",
            "name": "jm-assessment-insights",
            "resource_group_name": "jm-assessment-rg",
            "retention_in_days": 30,
            "sampling_percentage": 100,
            "tags": null,
            "timeouts": null,
            "workspace_id": "/subscriptions/c5ee4220-1a51-403a-a79a-c6c6101b8293/resourceGroups/ai_jm-assessment-insights_b11c6111-b7fc-4036-bdd0-87cccc8e3145_managed/providers/Microsoft.OperationalInsights/workspaces/managed-jm-assessment-insights-ws"
          },
          "sensitive_attributes": [
            [
              {
                "type": "get_attr",
                "value": "connection_string"
              }
            ],
            [
              {
                "type": "get_attr",
                "value": "instrumentation_key"
              }
            ]
          ],
          "private": "eyJlMmJmYjczMC1lY2FhLTExZTYtOGY4OC0zNDM2M2JjN2M0YzAiOnsiY3JlYXRlIjozNjAwMDAwMDAwMDAwLCJkZWxldGUiOjE4MDAwMDAwMDAwMDAsInJlYWQiOjMwMDAwMDAwMDAwMCwidXBkYXRlIjoxODAwMDAwMDAwMDAwfSwic2NoZW1hX3ZlcnNpb24iOiIyIn0=",
          "dependencies": [
            "module.resource_group.azurerm_resource_group.this"
          ]
        }
      ]
    },
    {
      "module": "module.container_registry",
      "mode": "managed",
      "type": "azurerm_container_registry",
      "name": "this",
      "provider": "provider[\"registry.terraform.io/hashicorp/azurerm\"]",
      "instances": [
        {
          "schema_version": 2,
          "attributes": {
            "admin_enabled": true,
            "admin_password": "arCUEE/Ss3Ir+LdHHrBtFpOilqJtzRTdPybAhJywMV+ACRBURHW6",
            "admin_username": "JMAssessmentAcr",
            "anonymous_pull_enabled": false,
            "data_endpoint_enabled": false,
            "encryption": [],
            "export_policy_enabled": true,
            "georeplications": [],
            "id": "/subscriptions/c5ee4220-1a51-403a-a79a-c6c6101b8293/resourceGroups/jm-assessment-rg/providers/Microsoft.ContainerRegistry/registries/JMAssessmentAcr",
            "identity": [],
            "location": "eastus2",
            "login_server": "jmassessmentacr.azurecr.io",
            "name": "JMAssessmentAcr",
            "network_rule_bypass_option": "AzureServices",
            "network_rule_set": [],
            "public_network_access_enabled": true,
            "quarantine_policy_enabled": false,
            "resource_group_name": "jm-assessment-rg",
            "retention_policy_in_days": 0,
            "sku": "Basic",
            "tags": null,
            "timeouts": null,
            "trust_policy_enabled": false,
            "zone_redundancy_enabled": false
          },
          "sensitive_attributes": [
            [
              {
                "type": "get_attr",
                "value": "admin_password"
              }
            ]
          ],
          "private": "eyJlMmJmYjczMC1lY2FhLTExZTYtOGY4OC0zNDM2M2JjN2M0YzAiOnsiY3JlYXRlIjoxODAwMDAwMDAwMDAwLCJkZWxldGUiOjE4MDAwMDAwMDAwMDAsInJlYWQiOjMwMDAwMDAwMDAwMCwidXBkYXRlIjoxODAwMDAwMDAwMDAwfSwic2NoZW1hX3ZlcnNpb24iOiIyIn0=",
          "dependencies": [
            "module.resource_group.azurerm_resource_group.this"
          ]
        }
      ]
    },
    {
      "module": "module.resource_group",
      "mode": "managed",
      "type": "azurerm_resource_group",
      "name": "this",
      "provider": "provider[\"registry.terraform.io/hashicorp/azurerm\"]",
      "instances": [
        {
          "schema_version": 0,
          "attributes": {
            "id": "/subscriptions/c5ee4220-1a51-403a-a79a-c6c6101b8293/resourceGroups/jm-assessment-rg",
            "location": "eastus2",
            "managed_by": "",
            "name": "jm-assessment-rg",
            "tags": null,
            "timeouts": null
          },
          "sensitive_attributes": [],
          "private": "eyJlMmJmYjczMC1lY2FhLTExZTYtOGY4OC0zNDM2M2JjN2M0YzAiOnsiY3JlYXRlIjo1NDAwMDAwMDAwMDAwLCJkZWxldGUiOjU0MDAwMDAwMDAwMDAsInJlYWQiOjMwMDAwMDAwMDAwMCwidXBkYXRlIjo1NDAwMDAwMDAwMDAwfX0="
        }
      ]
    },
    {
      "module": "module.service_plan",
      "mode": "managed",
      "type": "azurerm_service_plan",
      "name": "this",
      "provider": "provider[\"registry.terraform.io/hashicorp/azurerm\"]",
      "instances": [
        {
          "schema_version": 1,
          "attributes": {
            "app_service_environment_id": "",
            "id": "/subscriptions/c5ee4220-1a51-403a-a79a-c6c6101b8293/resourceGroups/jm-assessment-rg/providers/Microsoft.Web/serverFarms/jm-assessment-sp",
            "kind": "linux",
            "location": "eastus2",
            "maximum_elastic_worker_count": 1,
            "name": "jm-assessment-sp",
            "os_type": "Linux",
            "per_site_scaling_enabled": false,
            "premium_plan_auto_scale_enabled": false,
            "reserved": true,
            "resource_group_name": "jm-assessment-rg",
            "sku_name": "B1",
            "tags": null,
            "timeouts": null,
            "worker_count": 1,
            "zone_balancing_enabled": false
          },
          "sensitive_attributes": [],
          "private": "eyJlMmJmYjczMC1lY2FhLTExZTYtOGY4OC0zNDM2M2JjN2M0YzAiOnsiY3JlYXRlIjozNjAwMDAwMDAwMDAwLCJkZWxldGUiOjM2MDAwMDAwMDAwMDAsInJlYWQiOjMwMDAwMDAwMDAwMCwidXBkYXRlIjozNjAwMDAwMDAwMDAwfSwic2NoZW1hX3ZlcnNpb24iOiIxIn0=",
          "dependencies": [
            "module.resource_group.azurerm_resource_group.this"
          ]
        }
      ]
    },
    {
      "module": "module.storage_account",
      "mode": "managed",
      "type": "azurerm_storage_account",
      "name": "this",
      "provider": "provider[\"registry.terraform.io/hashicorp/azurerm\"]",
      "instances": [
        {
          "schema_version": 4,
          "attributes": {
            "access_tier": "Hot",
            "account_kind": "StorageV2",
            "account_replication_type": "LRS",
            "account_tier": "Standard",
            "allow_nested_items_to_be_public": true,
            "allowed_copy_scope": "",
            "azure_files_authentication": [],
            "blob_properties": [
              {
                "change_feed_enabled": false,
                "change_feed_retention_in_days": 0,
                "container_delete_retention_policy": [],
                "cors_rule": [],
                "default_service_version": "",
                "delete_retention_policy": [],
                "last_access_time_enabled": false,
                "restore_policy": [],
                "versioning_enabled": false
              }
            ],
            "cross_tenant_replication_enabled": false,
            "custom_domain": [],
            "customer_managed_key": [],
            "default_to_oauth_authentication": false,
            "dns_endpoint_type": "Standard",
            "edge_zone": "",
            "https_traffic_only_enabled": true,
            "id": "/subscriptions/c5ee4220-1a51-403a-a79a-c6c6101b8293/resourceGroups/jm-assessment-rg/providers/Microsoft.Storage/storageAccounts/jmassessmentstorage",
            "identity": [],
            "immutability_policy": [],
            "infrastructure_encryption_enabled": false,
            "is_hns_enabled": false,
            "large_file_share_enabled": false,
            "local_user_enabled": true,
            "location": "eastus2",
            "min_tls_version": "TLS1_2",
            "name": "jmassessmentstorage",
            "network_rules": [],
            "nfsv3_enabled": false,
            "primary_access_key": "lDSUCy6fiItNsgRFcZ2mNTjD/29EA//FLs1+9UFGWVnlL2TMr3kg/+3wSQNsDzUcqhVaUdnqehUD+AStptLWhA==",
            "primary_blob_connection_string": "DefaultEndpointsProtocol=https;BlobEndpoint=https://jmassessmentstorage.blob.core.windows.net/;AccountName=jmassessmentstorage;AccountKey=lDSUCy6fiItNsgRFcZ2mNTjD/29EA//FLs1+9UFGWVnlL2TMr3kg/+3wSQNsDzUcqhVaUdnqehUD+AStptLWhA==",
            "primary_blob_endpoint": "https://jmassessmentstorage.blob.core.windows.net/",
            "primary_blob_host": "jmassessmentstorage.blob.core.windows.net",
            "primary_blob_internet_endpoint": "",
            "primary_blob_internet_host": "",
            "primary_blob_microsoft_endpoint": "",
            "primary_blob_microsoft_host": "",
            "primary_connection_string": "DefaultEndpointsProtocol=https;AccountName=jmassessmentstorage;AccountKey=lDSUCy6fiItNsgRFcZ2mNTjD/29EA//FLs1+9UFGWVnlL2TMr3kg/+3wSQNsDzUcqhVaUdnqehUD+AStptLWhA==;EndpointSuffix=core.windows.net",
            "primary_dfs_endpoint": "https://jmassessmentstorage.dfs.core.windows.net/",
            "primary_dfs_host": "jmassessmentstorage.dfs.core.windows.net",
            "primary_dfs_internet_endpoint": "",
            "primary_dfs_internet_host": "",
            "primary_dfs_microsoft_endpoint": "",
            "primary_dfs_microsoft_host": "",
            "primary_file_endpoint": "https://jmassessmentstorage.file.core.windows.net/",
            "primary_file_host": "jmassessmentstorage.file.core.windows.net",
            "primary_file_internet_endpoint": "",
            "primary_file_internet_host": "",
            "primary_file_microsoft_endpoint": "",
            "primary_file_microsoft_host": "",
            "primary_location": "eastus2",
            "primary_queue_endpoint": "https://jmassessmentstorage.queue.core.windows.net/",
            "primary_queue_host": "jmassessmentstorage.queue.core.windows.net",
            "primary_queue_microsoft_endpoint": "",
            "primary_queue_microsoft_host": "",
            "primary_table_endpoint": "https://jmassessmentstorage.table.core.windows.net/",
            "primary_table_host": "jmassessmentstorage.table.core.windows.net",
            "primary_table_microsoft_endpoint": "",
            "primary_table_microsoft_host": "",
            "primary_web_endpoint": "https://jmassessmentstorage.z20.web.core.windows.net/",
            "primary_web_host": "jmassessmentstorage.z20.web.core.windows.net",
            "primary_web_internet_endpoint": "",
            "primary_web_internet_host": "",
            "primary_web_microsoft_endpoint": "",
            "primary_web_microsoft_host": "",
            "public_network_access_enabled": true,
            "queue_encryption_key_type": "Service",
            "queue_properties": [
              {
                "cors_rule": [],
                "hour_metrics": [
                  {
                    "enabled": false,
                    "include_apis": false,
                    "retention_policy_days": 0,
                    "version": "1.0"
                  }
                ],
                "logging": [
                  {
                    "delete": false,
                    "read": false,
                    "retention_policy_days": 0,
                    "version": "1.0",
                    "write": false
                  }
                ],
                "minute_metrics": [
                  {
                    "enabled": false,
                    "include_apis": false,
                    "retention_policy_days": 0,
                    "version": "1.0"
                  }
                ]
              }
            ],
            "resource_group_name": "jm-assessment-rg",
            "routing": [],
            "sas_policy": [],
            "secondary_access_key": "BISSw0/STazQex/5iEEoU6PV9aXvFoEGyJ3n0cZcRPrxJha0W3diD5oZvKBRB8Xl1MjX4WVsruGQ+AStxQVx4A==",
            "secondary_blob_connection_string": "",
            "secondary_blob_endpoint": "",
            "secondary_blob_host": "",
            "secondary_blob_internet_endpoint": "",
            "secondary_blob_internet_host": "",
            "secondary_blob_microsoft_endpoint": "",
            "secondary_blob_microsoft_host": "",
            "secondary_connection_string": "DefaultEndpointsProtocol=https;AccountName=jmassessmentstorage;AccountKey=BISSw0/STazQex/5iEEoU6PV9aXvFoEGyJ3n0cZcRPrxJha0W3diD5oZvKBRB8Xl1MjX4WVsruGQ+AStxQVx4A==;EndpointSuffix=core.windows.net",
            "secondary_dfs_endpoint": "",
            "secondary_dfs_host": "",
            "secondary_dfs_internet_endpoint": "",
            "secondary_dfs_internet_host": "",
            "secondary_dfs_microsoft_endpoint": "",
            "secondary_dfs_microsoft_host": "",
            "secondary_file_endpoint": "",
            "secondary_file_host": "",
            "secondary_file_internet_endpoint": "",
            "secondary_file_internet_host": "",
            "secondary_file_microsoft_endpoint": "",
            "secondary_file_microsoft_host": "",
            "secondary_location": "",
            "secondary_queue_endpoint": "",
            "secondary_queue_host": "",
            "secondary_queue_microsoft_endpoint": "",
            "secondary_queue_microsoft_host": "",
            "secondary_table_endpoint": "",
            "secondary_table_host": "",
            "secondary_table_microsoft_endpoint": "",
            "secondary_table_microsoft_host": "",
            "secondary_web_endpoint": "",
            "secondary_web_host": "",
            "secondary_web_internet_endpoint": "",
            "secondary_web_internet_host": "",
            "secondary_web_microsoft_endpoint": "",
            "secondary_web_microsoft_host": "",
            "sftp_enabled": false,
            "share_properties": [
              {
                "cors_rule": [],
                "retention_policy": [
                  {
                    "days": 7
                  }
                ],
                "smb": []
              }
            ],
            "shared_access_key_enabled": true,
            "static_website": [],
            "table_encryption_key_type": "Service",
            "tags": null,
            "timeouts": null
          },
          "sensitive_attributes": [
            [
              {
                "type": "get_attr",
                "value": "primary_connection_string"
              }
            ],
            [
              {
                "type": "get_attr",
                "value": "primary_blob_connection_string"
              }
            ],
            [
              {
                "type": "get_attr",
                "value": "primary_access_key"
              }
            ],
            [
              {
                "type": "get_attr",
                "value": "secondary_blob_connection_string"
              }
            ],
            [
              {
                "type": "get_attr",
                "value": "secondary_connection_string"
              }
            ],
            [
              {
                "type": "get_attr",
                "value": "secondary_access_key"
              }
            ]
          ],
          "private": "eyJlMmJmYjczMC1lY2FhLTExZTYtOGY4OC0zNDM2M2JjN2M0YzAiOnsiY3JlYXRlIjozNjAwMDAwMDAwMDAwLCJkZWxldGUiOjM2MDAwMDAwMDAwMDAsInJlYWQiOjMwMDAwMDAwMDAwMCwidXBkYXRlIjozNjAwMDAwMDAwMDAwfSwic2NoZW1hX3ZlcnNpb24iOiI0In0=",
          "dependencies": [
            "module.resource_group.azurerm_resource_group.this"
          ]
        }
      ]
    }
  ],
  "check_results": null
}
